
Microsoft Visual Studio Solution File, Format Version 12.00
# Visual Studio Version 17
VisualStudioVersion = 17.3.32819.101
MinimumVisualStudioVersion = 10.0.40219.1
Project("{FAE04EC0-301F-11D3-BF4B-00C04F79EFBC}") = "CQRSWithMediatR.Domain", "src\CQRSWithMediatR.Domain\CQRSWithMediatR.Domain.csproj", "{C1A204B0-F1CC-4AAE-8152-71A87ECA606C}"
EndProject
Project("{FAE04EC0-301F-11D3-BF4B-00C04F79EFBC}") = "CQRSWithMediatR.Application", "src\CQRSWithMediatR.Application\CQRSWithMediatR.Application.csproj", "{4B47FF64-2FAC-4953-B752-B4F031DD64BA}"
EndProject
Project("{FAE04EC0-301F-11D3-BF4B-00C04F79EFBC}") = "CQRSWithMediatR.Infra", "src\CQRSWithMediatR.Infra\CQRSWithMediatR.Infra.csproj", "{BED6DEC9-C528-41F6-A663-5D25DBC8BF1F}"
EndProject
Project("{FAE04EC0-301F-11D3-BF4B-00C04F79EFBC}") = "CQRSWithMediatR.API", "src\CQRSWithMediatR.API\CQRSWithMediatR.API.csproj", "{53DFC4CC-EA6D-4A99-8537-1D56C55A9F7A}"
EndProject
Project("{FAE04EC0-301F-11D3-BF4B-00C04F79EFBC}") = "CQRSWithMediatR.CrossCutting", "src\CQRSWithMediatR.CrossCutting\CQRSWithMediatR.CrossCutting.csproj", "{471A82B9-2332-42C6-B054-0D187C85FBE9}"
EndProject
Global
	GlobalSection(SolutionConfigurationPlatforms) = preSolution
		Debug|Any CPU = Debug|Any CPU
		Release|Any CPU = Release|Any CPU
	EndGlobalSection
	GlobalSection(ProjectConfigurationPlatforms) = postSolution
		{C1A204B0-F1CC-4AAE-8152-71A87ECA606C}.Debug|Any CPU.ActiveCfg = Debug|Any CPU
		{C1A204B0-F1CC-4AAE-8152-71A87ECA606C}.Debug|Any CPU.Build.0 = Debug|Any CPU
		{C1A204B0-F1CC-4AAE-8152-71A87ECA606C}.Release|Any CPU.ActiveCfg = Release|Any CPU
		{C1A204B0-F1CC-4AAE-8152-71A87ECA606C}.Release|Any CPU.Build.0 = Release|Any CPU
		{4B47FF64-2FAC-4953-B752-B4F031DD64BA}.Debug|Any CPU.ActiveCfg = Debug|Any CPU
		{4B47FF64-2FAC-4953-B752-B4F031DD64BA}.Debug|Any CPU.Build.0 = Debug|Any CPU
		{4B47FF64-2FAC-4953-B752-B4F031DD64BA}.Release|Any CPU.ActiveCfg = Release|Any CPU
		{4B47FF64-2FAC-4953-B752-B4F031DD64BA}.Release|Any CPU.Build.0 = Release|Any CPU
		{BED6DEC9-C528-41F6-A663-5D25DBC8BF1F}.Debug|Any CPU.ActiveCfg = Debug|Any CPU
		{BED6DEC9-C528-41F6-A663-5D25DBC8BF1F}.Debug|Any CPU.Build.0 = Debug|Any CPU
		{BED6DEC9-C528-41F6-A663-5D25DBC8BF1F}.Release|Any CPU.ActiveCfg = Release|Any CPU
		{BED6DEC9-C528-41F6-A663-5D25DBC8BF1F}.Release|Any CPU.Build.0 = Release|Any CPU
		{53DFC4CC-EA6D-4A99-8537-1D56C55A9F7A}.Debug|Any CPU.ActiveCfg = Debug|Any CPU
		{53DFC4CC-EA6D-4A99-8537-1D56C55A9F7A}.Debug|Any CPU.Build.0 = Debug|Any CPU
		{53DFC4CC-EA6D-4A99-8537-1D56C55A9F7A}.Release|Any CPU.ActiveCfg = Release|Any CPU
		{53DFC4CC-EA6D-4A99-8537-1D56C55A9F7A}.Release|Any CPU.Build.0 = Release|Any CPU
		{471A82B9-2332-42C6-B054-0D187C85FBE9}.Debug|Any CPU.ActiveCfg = Debug|Any CPU
		{471A82B9-2332-42C6-B054-0D187C85FBE9}.Debug|Any CPU.Build.0 = Debug|Any CPU
		{471A82B9-2332-42C6-B054-0D187C85FBE9}.Release|Any CPU.ActiveCfg = Release|Any CPU
		{471A82B9-2332-42C6-B054-0D187C85FBE9}.Release|Any CPU.Build.0 = Release|Any CPU
	EndGlobalSection
	GlobalSection(SolutionProperties) = preSolution
		HideSolutionNode = FALSE
	EndGlobalSection
	GlobalSection(ExtensibilityGlobals) = postSolution
		SolutionGuid = {8437CA4E-EFB4-4B6D-918B-A341C3EEDA61}
	EndGlobalSection
EndGlobal
